
Microsoft Visual Studio Solution File, Format Version 12.00
# Visual Studio 15
VisualStudioVersion = 15.0.26730.16
MinimumVisualStudioVersion = 10.0.40219.1
Project("{FAE04EC0-301F-11D3-BF4B-00C04F79EFBC}") = "ReadFullPdmCatalog_Linux", "ReadFullPdmCatalog_Linux\ReadFullPdmCatalog_Linux.csproj", "{C7BCA9CA-C1B7-4801-A28F-DDF6AFF0A6EB}"
EndProject
Global
	GlobalSection(SolutionConfigurationPlatforms) = preSolution
		Debug|Any CPU = Debug|Any CPU
		Release|Any CPU = Release|Any CPU
	EndGlobalSection
	GlobalSection(ProjectConfigurationPlatforms) = postSolution
		{C7BCA9CA-C1B7-4801-A28F-DDF6AFF0A6EB}.Debug|Any CPU.ActiveCfg = Debug|Any CPU
		{C7BCA9CA-C1B7-4801-A28F-DDF6AFF0A6EB}.Debug|Any CPU.Build.0 = Debug|Any CPU
		{C7BCA9CA-C1B7-4801-A28F-DDF6AFF0A6EB}.Release|Any CPU.ActiveCfg = Release|Any CPU
		{C7BCA9CA-C1B7-4801-A28F-DDF6AFF0A6EB}.Release|Any CPU.Build.0 = Release|Any CPU
	EndGlobalSection
	GlobalSection(SolutionProperties) = preSolution
		HideSolutionNode = FALSE
	EndGlobalSection
	GlobalSection(ExtensibilityGlobals) = postSolution
		SolutionGuid = {0F74B578-E4CD-4AEF-AB60-1523B8EF6046}
	EndGlobalSection
EndGlobal
